
Microsoft Visual Studio Solution File, Format Version 12.00
# Visual Studio Version 17
VisualStudioVersion = 17.14.36511.14
MinimumVisualStudioVersion = 10.0.40219.1
Project("{2150E333-8FDC-42A3-9474-1A3956D46DE8}") = "src", "src", "{02EA681E-C7D8-13C7-8484-4AC65E1B71E8}"
EndProject
Project("{2150E333-8FDC-42A3-9474-1A3956D46DE8}") = "1.Domain", "1.Domain", "{2C13CB1C-AF7D-41E1-B985-3EBC3B7E2DFB}"
EndProject
Project("{2150E333-8FDC-42A3-9474-1A3956D46DE8}") = "2.Infrastructures", "2.Infrastructures", "{E40470D1-874A-4184-9FF7-10877B4289AD}"
EndProject
Project("{2150E333-8FDC-42A3-9474-1A3956D46DE8}") = "3.EndPoints", "3.EndPoints", "{C0BF92DE-EFB6-4F21-97B5-F2CDCBFF41A3}"
EndProject
Project("{2150E333-8FDC-42A3-9474-1A3956D46DE8}") = "Core", "Core", "{8C66AE1D-F770-4DB4-BEA1-58BD5E592AB5}"
EndProject
Project("{2150E333-8FDC-42A3-9474-1A3956D46DE8}") = "Service", "Service", "{5CAD0E92-A432-40D0-971C-2B0CBA894734}"
EndProject
Project("{2150E333-8FDC-42A3-9474-1A3956D46DE8}") = "DataBase", "DataBase", "{7E7F15B2-BE51-4FD7-A7C9-40B41FF22712}"
EndProject
Project("{2150E333-8FDC-42A3-9474-1A3956D46DE8}") = "DataAccess", "DataAccess", "{102257A2-80D7-4314-90D2-C1A81810D02B}"
EndProject
Project("{FAE04EC0-301F-11D3-BF4B-00C04F79EFBC}") = "App.Domain.Core", "App.Domain.Core\App.Domain.Core.csproj", "{05C8A67E-AB9C-44CE-ABB1-2BFB0A6A8CA0}"
EndProject
Project("{FAE04EC0-301F-11D3-BF4B-00C04F79EFBC}") = "Techno_KingAppService", "Techno_KingAppService\Techno_KingAppService.csproj", "{993CA247-9207-4C4A-AD91-E9D7BF36F58C}"
	ProjectSection(ProjectDependencies) = postProject
		{05C8A67E-AB9C-44CE-ABB1-2BFB0A6A8CA0} = {05C8A67E-AB9C-44CE-ABB1-2BFB0A6A8CA0}
		{907EFA01-2833-4AD8-99F0-30E07D7AF939} = {907EFA01-2833-4AD8-99F0-30E07D7AF939}
	EndProjectSection
EndProject
Project("{FAE04EC0-301F-11D3-BF4B-00C04F79EFBC}") = "Techno_KingService", "Techno_KingService\Techno_KingService.csproj", "{907EFA01-2833-4AD8-99F0-30E07D7AF939}"
	ProjectSection(ProjectDependencies) = postProject
		{05C8A67E-AB9C-44CE-ABB1-2BFB0A6A8CA0} = {05C8A67E-AB9C-44CE-ABB1-2BFB0A6A8CA0}
	EndProjectSection
EndProject
Project("{FAE04EC0-301F-11D3-BF4B-00C04F79EFBC}") = "App.Infra.Data.Repos.Ef", "App.Infra.Data.Repos.Ef\App.Infra.Data.Repos.Ef.csproj", "{B38A51A4-B74E-49EB-A2D5-ACE519F5536A}"
	ProjectSection(ProjectDependencies) = postProject
		{05C8A67E-AB9C-44CE-ABB1-2BFB0A6A8CA0} = {05C8A67E-AB9C-44CE-ABB1-2BFB0A6A8CA0}
		{0C9BA6F0-E3BE-4F1C-A58D-3DB3FB9BBABC} = {0C9BA6F0-E3BE-4F1C-A58D-3DB3FB9BBABC}
	EndProjectSection
EndProject
Project("{FAE04EC0-301F-11D3-BF4B-00C04F79EFBC}") = "Connection", "Connection\Connection.csproj", "{0C9BA6F0-E3BE-4F1C-A58D-3DB3FB9BBABC}"
	ProjectSection(ProjectDependencies) = postProject
		{05C8A67E-AB9C-44CE-ABB1-2BFB0A6A8CA0} = {05C8A67E-AB9C-44CE-ABB1-2BFB0A6A8CA0}
	EndProjectSection
EndProject
Project("{FAE04EC0-301F-11D3-BF4B-00C04F79EFBC}") = "Techno_King_WebAPI", "Techno_King_WebAPI\Techno_King_WebAPI.csproj", "{3D87B98C-8C6E-49B3-9338-0FAACB604C41}"
	ProjectSection(ProjectDependencies) = postProject
		{05C8A67E-AB9C-44CE-ABB1-2BFB0A6A8CA0} = {05C8A67E-AB9C-44CE-ABB1-2BFB0A6A8CA0}
		{0C9BA6F0-E3BE-4F1C-A58D-3DB3FB9BBABC} = {0C9BA6F0-E3BE-4F1C-A58D-3DB3FB9BBABC}
		{907EFA01-2833-4AD8-99F0-30E07D7AF939} = {907EFA01-2833-4AD8-99F0-30E07D7AF939}
		{993CA247-9207-4C4A-AD91-E9D7BF36F58C} = {993CA247-9207-4C4A-AD91-E9D7BF36F58C}
		{B38A51A4-B74E-49EB-A2D5-ACE519F5536A} = {B38A51A4-B74E-49EB-A2D5-ACE519F5536A}
	EndProjectSection
EndProject
Global
	GlobalSection(SolutionConfigurationPlatforms) = preSolution
		Debug|Any CPU = Debug|Any CPU
		Release|Any CPU = Release|Any CPU
	EndGlobalSection
	GlobalSection(ProjectConfigurationPlatforms) = postSolution
		{05C8A67E-AB9C-44CE-ABB1-2BFB0A6A8CA0}.Debug|Any CPU.ActiveCfg = Debug|Any CPU
		{05C8A67E-AB9C-44CE-ABB1-2BFB0A6A8CA0}.Debug|Any CPU.Build.0 = Debug|Any CPU
		{05C8A67E-AB9C-44CE-ABB1-2BFB0A6A8CA0}.Release|Any CPU.ActiveCfg = Release|Any CPU
		{05C8A67E-AB9C-44CE-ABB1-2BFB0A6A8CA0}.Release|Any CPU.Build.0 = Release|Any CPU
		{993CA247-9207-4C4A-AD91-E9D7BF36F58C}.Debug|Any CPU.ActiveCfg = Debug|Any CPU
		{993CA247-9207-4C4A-AD91-E9D7BF36F58C}.Debug|Any CPU.Build.0 = Debug|Any CPU
		{993CA247-9207-4C4A-AD91-E9D7BF36F58C}.Release|Any CPU.ActiveCfg = Release|Any CPU
		{993CA247-9207-4C4A-AD91-E9D7BF36F58C}.Release|Any CPU.Build.0 = Release|Any CPU
		{907EFA01-2833-4AD8-99F0-30E07D7AF939}.Debug|Any CPU.ActiveCfg = Debug|Any CPU
		{907EFA01-2833-4AD8-99F0-30E07D7AF939}.Debug|Any CPU.Build.0 = Debug|Any CPU
		{907EFA01-2833-4AD8-99F0-30E07D7AF939}.Release|Any CPU.ActiveCfg = Release|Any CPU
		{907EFA01-2833-4AD8-99F0-30E07D7AF939}.Release|Any CPU.Build.0 = Release|Any CPU
		{B38A51A4-B74E-49EB-A2D5-ACE519F5536A}.Debug|Any CPU.ActiveCfg = Debug|Any CPU
		{B38A51A4-B74E-49EB-A2D5-ACE519F5536A}.Debug|Any CPU.Build.0 = Debug|Any CPU
		{B38A51A4-B74E-49EB-A2D5-ACE519F5536A}.Release|Any CPU.ActiveCfg = Release|Any CPU
		{B38A51A4-B74E-49EB-A2D5-ACE519F5536A}.Release|Any CPU.Build.0 = Release|Any CPU
		{0C9BA6F0-E3BE-4F1C-A58D-3DB3FB9BBABC}.Debug|Any CPU.ActiveCfg = Debug|Any CPU
		{0C9BA6F0-E3BE-4F1C-A58D-3DB3FB9BBABC}.Debug|Any CPU.Build.0 = Debug|Any CPU
		{0C9BA6F0-E3BE-4F1C-A58D-3DB3FB9BBABC}.Release|Any CPU.ActiveCfg = Release|Any CPU
		{0C9BA6F0-E3BE-4F1C-A58D-3DB3FB9BBABC}.Release|Any CPU.Build.0 = Release|Any CPU
		{3D87B98C-8C6E-49B3-9338-0FAACB604C41}.Debug|Any CPU.ActiveCfg = Debug|Any CPU
		{3D87B98C-8C6E-49B3-9338-0FAACB604C41}.Debug|Any CPU.Build.0 = Debug|Any CPU
		{3D87B98C-8C6E-49B3-9338-0FAACB604C41}.Release|Any CPU.ActiveCfg = Release|Any CPU
		{3D87B98C-8C6E-49B3-9338-0FAACB604C41}.Release|Any CPU.Build.0 = Release|Any CPU
	EndGlobalSection
	GlobalSection(SolutionProperties) = preSolution
		HideSolutionNode = FALSE
	EndGlobalSection
	GlobalSection(NestedProjects) = preSolution
		{2C13CB1C-AF7D-41E1-B985-3EBC3B7E2DFB} = {02EA681E-C7D8-13C7-8484-4AC65E1B71E8}
		{E40470D1-874A-4184-9FF7-10877B4289AD} = {02EA681E-C7D8-13C7-8484-4AC65E1B71E8}
		{C0BF92DE-EFB6-4F21-97B5-F2CDCBFF41A3} = {02EA681E-C7D8-13C7-8484-4AC65E1B71E8}
		{8C66AE1D-F770-4DB4-BEA1-58BD5E592AB5} = {2C13CB1C-AF7D-41E1-B985-3EBC3B7E2DFB}
		{5CAD0E92-A432-40D0-971C-2B0CBA894734} = {2C13CB1C-AF7D-41E1-B985-3EBC3B7E2DFB}
		{7E7F15B2-BE51-4FD7-A7C9-40B41FF22712} = {E40470D1-874A-4184-9FF7-10877B4289AD}
		{102257A2-80D7-4314-90D2-C1A81810D02B} = {E40470D1-874A-4184-9FF7-10877B4289AD}
		{05C8A67E-AB9C-44CE-ABB1-2BFB0A6A8CA0} = {8C66AE1D-F770-4DB4-BEA1-58BD5E592AB5}
		{993CA247-9207-4C4A-AD91-E9D7BF36F58C} = {5CAD0E92-A432-40D0-971C-2B0CBA894734}
		{907EFA01-2833-4AD8-99F0-30E07D7AF939} = {5CAD0E92-A432-40D0-971C-2B0CBA894734}
		{B38A51A4-B74E-49EB-A2D5-ACE519F5536A} = {102257A2-80D7-4314-90D2-C1A81810D02B}
		{0C9BA6F0-E3BE-4F1C-A58D-3DB3FB9BBABC} = {7E7F15B2-BE51-4FD7-A7C9-40B41FF22712}
		{3D87B98C-8C6E-49B3-9338-0FAACB604C41} = {C0BF92DE-EFB6-4F21-97B5-F2CDCBFF41A3}
	EndGlobalSection
	GlobalSection(ExtensibilityGlobals) = postSolution
		SolutionGuid = {E84F39FA-F847-4C09-ABDB-81AA2BA6E88F}
	EndGlobalSection
EndGlobal
